
Microsoft Visual Studio Solution File, Format Version 12.00
# Visual Studio Version 16
VisualStudioVersion = 16.0.29215.179
MinimumVisualStudioVersion = 10.0.40219.1
Project("{9A19103F-16F7-4668-BE54-9A1E7A4F7556}") = "StringEnum", "StringEnum\StringEnum.csproj", "{74349787-6EB9-4E6C-BB3C-0A41BA077EDD}"
EndProject
Project("{9A19103F-16F7-4668-BE54-9A1E7A4F7556}") = "StringEnum.Tests", "StringEnum.Tests\StringEnum.Tests.csproj", "{269049C7-5A1E-4552-B38A-778B678AC591}"
EndProject
Project("{FAE04EC0-301F-11D3-BF4B-00C04F79EFBC}") = "StringEnum.Sample.NewtonsoftSerialization", "StringEnum.Sample.NewtonsoftSerialization\StringEnum.Sample.NewtonsoftSerialization.csproj", "{A059B763-E889-4606-A192-9BED72C6DA7E}"
EndProject
Global
	GlobalSection(SolutionConfigurationPlatforms) = preSolution
		Debug|Any CPU = Debug|Any CPU
		Release|Any CPU = Release|Any CPU
	EndGlobalSection
	GlobalSection(ProjectConfigurationPlatforms) = postSolution
		{74349787-6EB9-4E6C-BB3C-0A41BA077EDD}.Debug|Any CPU.ActiveCfg = Debug|Any CPU
		{74349787-6EB9-4E6C-BB3C-0A41BA077EDD}.Debug|Any CPU.Build.0 = Debug|Any CPU
		{74349787-6EB9-4E6C-BB3C-0A41BA077EDD}.Release|Any CPU.ActiveCfg = Release|Any CPU
		{74349787-6EB9-4E6C-BB3C-0A41BA077EDD}.Release|Any CPU.Build.0 = Release|Any CPU
		{269049C7-5A1E-4552-B38A-778B678AC591}.Debug|Any CPU.ActiveCfg = Debug|Any CPU
		{269049C7-5A1E-4552-B38A-778B678AC591}.Debug|Any CPU.Build.0 = Debug|Any CPU
		{269049C7-5A1E-4552-B38A-778B678AC591}.Release|Any CPU.ActiveCfg = Release|Any CPU
		{269049C7-5A1E-4552-B38A-778B678AC591}.Release|Any CPU.Build.0 = Release|Any CPU
		{A059B763-E889-4606-A192-9BED72C6DA7E}.Debug|Any CPU.ActiveCfg = Debug|Any CPU
		{A059B763-E889-4606-A192-9BED72C6DA7E}.Debug|Any CPU.Build.0 = Debug|Any CPU
		{A059B763-E889-4606-A192-9BED72C6DA7E}.Release|Any CPU.ActiveCfg = Release|Any CPU
		{A059B763-E889-4606-A192-9BED72C6DA7E}.Release|Any CPU.Build.0 = Release|Any CPU
	EndGlobalSection
	GlobalSection(SolutionProperties) = preSolution
		HideSolutionNode = FALSE
	EndGlobalSection
	GlobalSection(ExtensibilityGlobals) = postSolution
		SolutionGuid = {DBFE31D0-3A04-49B8-985A-254251DD13E9}
	EndGlobalSection
EndGlobal
